
Microsoft Visual Studio Solution File, Format Version 12.00
Project("{FAE04EC0-301F-11D3-BF4B-00C04F79EFBC}") = "N3O.Tool", "N3O.Tool\N3O.Tool.csproj", "{1CCB4546-A7C6-44F9-9928-D1E8DE6930F1}"
EndProject
Global
	GlobalSection(SolutionConfigurationPlatforms) = preSolution
		Debug|Any CPU = Debug|Any CPU
		Release|Any CPU = Release|Any CPU
	EndGlobalSection
	GlobalSection(ProjectConfigurationPlatforms) = postSolution
		{1CCB4546-A7C6-44F9-9928-D1E8DE6930F1}.Debug|Any CPU.ActiveCfg = Debug|Any CPU
		{1CCB4546-A7C6-44F9-9928-D1E8DE6930F1}.Debug|Any CPU.Build.0 = Debug|Any CPU
		{1CCB4546-A7C6-44F9-9928-D1E8DE6930F1}.Release|Any CPU.ActiveCfg = Release|Any CPU
		{1CCB4546-A7C6-44F9-9928-D1E8DE6930F1}.Release|Any CPU.Build.0 = Release|Any CPU
	EndGlobalSection
EndGlobal
